PODS:
  - AKStability (0.1.0):
    - AKStability/Swift (= 0.1.0)
  - AKStability/Swift (0.1.0)

DEPENDENCIES:
  - AKStability (from `../`)

EXTERNAL SOURCES:
  AKStability:
    :path: ../

SPEC CHECKSUMS:
  AKStability: ab6465de437bb8528f4ffd7e69205b56af5aded0

PODFILE CHECKSUM: 9e7cc49827b2a68865bd58bfdaec4ce57df729c7

COCOAPODS: 1.1.1
