PODS:
  - AKStability (0.1.0):
    - AKStability/ObjectiveC (= 0.1.0)
    - AKStability/Swift (= 0.1.0)
  - AKStability/ObjectiveC (0.1.0)
  - AKStability/Swift (0.1.0)

DEPENDENCIES:
  - AKStability (from `../`)

EXTERNAL SOURCES:
  AKStability:
    :path: ../

SPEC CHECKSUMS:
  AKStability: f8ea64180a7066547bb80e34497e601484abda91

PODFILE CHECKSUM: 9e7cc49827b2a68865bd58bfdaec4ce57df729c7

COCOAPODS: 1.1.1
